// !$*UTF8*$!
{
	archiveVersion = 1;
	classes = {
	};
	objectVersion = 55;
	objects = {

/* Begin PBXBuildFile section */
		0C3F64A028176CC7003F7601 /* LoginViewController.swift in Sources */ = {isa = PBXBuildFile; fileRef = 0C3F649F28176CC7003F7601 /* LoginViewController.swift */; };
		0C3F64A228176CDE003F7601 /* CalendarViewController.swift in Sources */ = {isa = PBXBuildFile; fileRef = 0C3F64A128176CDE003F7601 /* CalendarViewController.swift */; };
		0C8B818B280F71F400CD936A /* AppDelegate.swift in Sources */ = {isa = PBXBuildFile; fileRef = 0C8B818A280F71F400CD936A /* AppDelegate.swift */; };
		0C8B818D280F71F400CD936A /* SceneDelegate.swift in Sources */ = {isa = PBXBuildFile; fileRef = 0C8B818C280F71F400CD936A /* SceneDelegate.swift */; };
		0C8B818F280F71F400CD936A /* ViewController.swift in Sources */ = {isa = PBXBuildFile; fileRef = 0C8B818E280F71F400CD936A /* ViewController.swift */; };
		0C8B8192280F71F400CD936A /* Main.storyboard in Resources */ = {isa = PBXBuildFile; fileRef = 0C8B8190280F71F400CD936A /* Main.storyboard */; };
		0C8B8194280F71F600CD936A /* Assets.xcassets in Resources */ = {isa = PBXBuildFile; fileRef = 0C8B8193280F71F600CD936A /* Assets.xcassets */; };
		0C8B8197280F71F600CD936A /* LaunchScreen.storyboard in Resources */ = {isa = PBXBuildFile; fileRef = 0C8B8195280F71F600CD936A /* LaunchScreen.storyboard */; };
		0C8B81A2280F71F600CD936A /* MedTracTests.swift in Sources */ = {isa = PBXBuildFile; fileRef = 0C8B81A1280F71F600CD936A /* MedTracTests.swift */; };
		0C8B81AC280F71F600CD936A /* MedTracUITests.swift in Sources */ = {isa = PBXBuildFile; fileRef = 0C8B81AB280F71F600CD936A /* MedTracUITests.swift */; };
		0C8B81AE280F71F600CD936A /* MedTracUITestsLaunchTests.swift in Sources */ = {isa = PBXBuildFile; fileRef = 0C8B81AD280F71F600CD936A /* MedTracUITestsLaunchTests.swift */; };
		0C8B81BB280F720F00CD936A /* Login.storyboard in Resources */ = {isa = PBXBuildFile; fileRef = 0C8B81BA280F720F00CD936A /* Login.storyboard */; };
		0C8B81BD280F723800CD936A /* Calendar.storyboard in Resources */ = {isa = PBXBuildFile; fileRef = 0C8B81BC280F723800CD936A /* Calendar.storyboard */; };
		0C8B81BF280F728C00CD936A /* Reminder.storyboard in Resources */ = {isa = PBXBuildFile; fileRef = 0C8B81BE280F728C00CD936A /* Reminder.storyboard */; };
		0CADE78E281B325D00C19823 /* MedicationCard.storyboard in Resources */ = {isa = PBXBuildFile; fileRef = 0CADE78D281B325D00C19823 /* MedicationCard.storyboard */; };
		0CADE792281F69E400C19823 /* CardTableViewCell.swift in Sources */ = {isa = PBXBuildFile; fileRef = 0CADE791281F69E400C19823 /* CardTableViewCell.swift */; };
		A8B4824628175577004A38CD /* Profile.storyboard in Resources */ = {isa = PBXBuildFile; fileRef = A8B4824528175577004A38CD /* Profile.storyboard */; };
		A8B48248281755A5004A38CD /* Settings.storyboard in Resources */ = {isa = PBXBuildFile; fileRef = A8B48247281755A5004A38CD /* Settings.storyboard */; };
/* End PBXBuildFile section */

/* Begin PBXContainerItemProxy section */
		0C8B819E280F71F600CD936A /* PBXContainerItemProxy */ = {
			isa = PBXContainerItemProxy;
			containerPortal = 0C8B817F280F71F400CD936A /* Project object */;
			proxyType = 1;
			remoteGlobalIDString = 0C8B8186280F71F400CD936A;
			remoteInfo = MedTrac;
		};
		0C8B81A8280F71F600CD936A /* PBXContainerItemProxy */ = {
			isa = PBXContainerItemProxy;
			containerPortal = 0C8B817F280F71F400CD936A /* Project object */;
			proxyType = 1;
			remoteGlobalIDString = 0C8B8186280F71F400CD936A;
			remoteInfo = MedTrac;
		};
/* End PBXContainerItemProxy section */

/* Begin PBXFileReference section */
		0C3F649F28176CC7003F7601 /* LoginViewController.swift */ = {isa = PBXFileReference; lastKnownFileType = sourcecode.swift; path = LoginViewController.swift; sourceTree = "<group>"; };
		0C3F64A128176CDE003F7601 /* CalendarViewController.swift */ = {isa = PBXFileReference; lastKnownFileType = sourcecode.swift; path = CalendarViewController.swift; sourceTree = "<group>"; };
		0C8B8187280F71F400CD936A /* MedTrac.app */ = {isa = PBXFileReference; explicitFileType = wrapper.application; includeInIndex = 0; path = MedTrac.app; sourceTree = BUILT_PRODUCTS_DIR; };
		0C8B818A280F71F400CD936A /* AppDelegate.swift */ = {isa = PBXFileReference; lastKnownFileType = sourcecode.swift; path = AppDelegate.swift; sourceTree = "<group>"; };
		0C8B818C280F71F400CD936A /* SceneDelegate.swift */ = {isa = PBXFileReference; lastKnownFileType = sourcecode.swift; path = SceneDelegate.swift; sourceTree = "<group>"; };
		0C8B818E280F71F400CD936A /* ViewController.swift */ = {isa = PBXFileReference; lastKnownFileType = sourcecode.swift; path = ViewController.swift; sourceTree = "<group>"; };
		0C8B8191280F71F400CD936A /* Base */ = {isa = PBXFileReference; lastKnownFileType = file.storyboard; name = Base; path = Base.lproj/Main.storyboard; sourceTree = "<group>"; };
		0C8B8193280F71F600CD936A /* Assets.xcassets */ = {isa = PBXFileReference; lastKnownFileType = folder.assetcatalog; path = Assets.xcassets; sourceTree = "<group>"; };
		0C8B8196280F71F600CD936A /* Base */ = {isa = PBXFileReference; lastKnownFileType = file.storyboard; name = Base; path = Base.lproj/LaunchScreen.storyboard; sourceTree = "<group>"; };
		0C8B8198280F71F600CD936A /* Info.plist */ = {isa = PBXFileReference; lastKnownFileType = text.plist.xml; path = Info.plist; sourceTree = "<group>"; };
		0C8B819D280F71F600CD936A /* MedTracTests.xctest */ = {isa = PBXFileReference; explicitFileType = wrapper.cfbundle; includeInIndex = 0; path = MedTracTests.xctest; sourceTree = BUILT_PRODUCTS_DIR; };
		0C8B81A1280F71F600CD936A /* MedTracTests.swift */ = {isa = PBXFileReference; lastKnownFileType = sourcecode.swift; path = MedTracTests.swift; sourceTree = "<group>"; };
		0C8B81A7280F71F600CD936A /* MedTracUITests.xctest */ = {isa = PBXFileReference; explicitFileType = wrapper.cfbundle; includeInIndex = 0; path = MedTracUITests.xctest; sourceTree = BUILT_PRODUCTS_DIR; };
		0C8B81AB280F71F600CD936A /* MedTracUITests.swift */ = {isa = PBXFileReference; lastKnownFileType = sourcecode.swift; path = MedTracUITests.swift; sourceTree = "<group>"; };
		0C8B81AD280F71F600CD936A /* MedTracUITestsLaunchTests.swift */ = {isa = PBXFileReference; lastKnownFileType = sourcecode.swift; path = MedTracUITestsLaunchTests.swift; sourceTree = "<group>"; };
		0C8B81BA280F720F00CD936A /* Login.storyboard */ = {isa = PBXFileReference; lastKnownFileType = file.storyboard; path = Login.storyboard; sourceTree = "<group>"; };
		0C8B81BC280F723800CD936A /* Calendar.storyboard */ = {isa = PBXFileReference; lastKnownFileType = file.storyboard; path = Calendar.storyboard; sourceTree = "<group>"; };
		0C8B81BE280F728C00CD936A /* Reminder.storyboard */ = {isa = PBXFileReference; lastKnownFileType = file.storyboard; path = Reminder.storyboard; sourceTree = "<group>"; };
		0CADE78D281B325D00C19823 /* MedicationCard.storyboard */ = {isa = PBXFileReference; lastKnownFileType = file.storyboard; path = MedicationCard.storyboard; sourceTree = "<group>"; };
		0CADE791281F69E400C19823 /* CardTableViewCell.swift */ = {isa = PBXFileReference; lastKnownFileType = sourcecode.swift; path = CardTableViewCell.swift; sourceTree = "<group>"; };
		A8B4824528175577004A38CD /* Profile.storyboard */ = {isa = PBXFileReference; lastKnownFileType = file.storyboard; path = Profile.storyboard; sourceTree = "<group>"; };
		A8B48247281755A5004A38CD /* Settings.storyboard */ = {isa = PBXFileReference; lastKnownFileType = file.storyboard; path = Settings.storyboard; sourceTree = "<group>"; };
/* End PBXFileReference section */

/* Begin PBXFrameworksBuildPhase section */
		0C8B8184280F71F400CD936A /* Frameworks */ = {
			isa = PBXFrameworksBuildPhase;
			buildActionMask = 2147483647;
			files = (
			);
			runOnlyForDeploymentPostprocessing = 0;
		};
		0C8B819A280F71F600CD936A /* Frameworks */ = {
			isa = PBXFrameworksBuildPhase;
			buildActionMask = 2147483647;
			files = (
			);
			runOnlyForDeploymentPostprocessing = 0;
		};
		0C8B81A4280F71F600CD936A /* Frameworks */ = {
			isa = PBXFrameworksBuildPhase;
			buildActionMask = 2147483647;
			files = (
			);
			runOnlyForDeploymentPostprocessing = 0;
		};
/* End PBXFrameworksBuildPhase section */

/* Begin PBXGroup section */
		0C8B817E280F71F400CD936A = {
			isa = PBXGroup;
			children = (
				0C8B8189280F71F400CD936A /* MedTrac */,
				0C8B81A0280F71F600CD936A /* MedTracTests */,
				0C8B81AA280F71F600CD936A /* MedTracUITests */,
				0C8B8188280F71F400CD936A /* Products */,
			);
			sourceTree = "<group>";
		};
		0C8B8188280F71F400CD936A /* Products */ = {
			isa = PBXGroup;
			children = (
				0C8B8187280F71F400CD936A /* MedTrac.app */,
				0C8B819D280F71F600CD936A /* MedTracTests.xctest */,
				0C8B81A7280F71F600CD936A /* MedTracUITests.xctest */,
			);
			name = Products;
			sourceTree = "<group>";
		};
		0C8B8189280F71F400CD936A /* MedTrac */ = {
			isa = PBXGroup;
			children = (
				0C8B818A280F71F400CD936A /* AppDelegate.swift */,
				0C8B818C280F71F400CD936A /* SceneDelegate.swift */,
				0C8B818E280F71F400CD936A /* ViewController.swift */,
				0C8B8190280F71F400CD936A /* Main.storyboard */,
				0C8B8193280F71F600CD936A /* Assets.xcassets */,
				0C8B8195280F71F600CD936A /* LaunchScreen.storyboard */,
				0C8B8198280F71F600CD936A /* Info.plist */,
				0C8B81BA280F720F00CD936A /* Login.storyboard */,
				0C8B81BC280F723800CD936A /* Calendar.storyboard */,
				0C8B81BE280F728C00CD936A /* Reminder.storyboard */,
				A8B4824528175577004A38CD /* Profile.storyboard */,
				A8B48247281755A5004A38CD /* Settings.storyboard */,
				0C3F649F28176CC7003F7601 /* LoginViewController.swift */,
				0C3F64A128176CDE003F7601 /* CalendarViewController.swift */,
				0CADE78D281B325D00C19823 /* MedicationCard.storyboard */,
				0CADE791281F69E400C19823 /* CardTableViewCell.swift */,
			);
			path = MedTrac;
			sourceTree = "<group>";
		};
		0C8B81A0280F71F600CD936A /* MedTracTests */ = {
			isa = PBXGroup;
			children = (
				0C8B81A1280F71F600CD936A /* MedTracTests.swift */,
			);
			path = MedTracTests;
			sourceTree = "<group>";
		};
		0C8B81AA280F71F600CD936A /* MedTracUITests */ = {
			isa = PBXGroup;
			children = (
				0C8B81AB280F71F600CD936A /* MedTracUITests.swift */,
				0C8B81AD280F71F600CD936A /* MedTracUITestsLaunchTests.swift */,
			);
			path = MedTracUITests;
			sourceTree = "<group>";
		};
/* End PBXGroup section */

/* Begin PBXNativeTarget section */
		0C8B8186280F71F400CD936A /* MedTrac */ = {
			isa = PBXNativeTarget;
			buildConfigurationList = 0C8B81B1280F71F600CD936A /* Build configuration list for PBXNativeTarget "MedTrac" */;
			buildPhases = (
				0C8B8183280F71F400CD936A /* Sources */,
				0C8B8184280F71F400CD936A /* Frameworks */,
				0C8B8185280F71F400CD936A /* Resources */,
			);
			buildRules = (
			);
			dependencies = (
			);
			name = MedTrac;
			productName = MedTrac;
			productReference = 0C8B8187280F71F400CD936A /* MedTrac.app */;
			productType = "com.apple.product-type.application";
		};
		0C8B819C280F71F600CD936A /* MedTracTests */ = {
			isa = PBXNativeTarget;
			buildConfigurationList = 0C8B81B4280F71F600CD936A /* Build configuration list for PBXNativeTarget "MedTracTests" */;
			buildPhases = (
				0C8B8199280F71F600CD936A /* Sources */,
				0C8B819A280F71F600CD936A /* Frameworks */,
				0C8B819B280F71F600CD936A /* Resources */,
			);
			buildRules = (
			);
			dependencies = (
				0C8B819F280F71F600CD936A /* PBXTargetDependency */,
			);
			name = MedTracTests;
			productName = MedTracTests;
			productReference = 0C8B819D280F71F600CD936A /* MedTracTests.xctest */;
			productType = "com.apple.product-type.bundle.unit-test";
		};
		0C8B81A6280F71F600CD936A /* MedTracUITests */ = {
			isa = PBXNativeTarget;
			buildConfigurationList = 0C8B81B7280F71F600CD936A /* Build configuration list for PBXNativeTarget "MedTracUITests" */;
			buildPhases = (
				0C8B81A3280F71F600CD936A /* Sources */,
				0C8B81A4280F71F600CD936A /* Frameworks */,
				0C8B81A5280F71F600CD936A /* Resources */,
			);
			buildRules = (
			);
			dependencies = (
				0C8B81A9280F71F600CD936A /* PBXTargetDependency */,
			);
			name = MedTracUITests;
			productName = MedTracUITests;
			productReference = 0C8B81A7280F71F600CD936A /* MedTracUITests.xctest */;
			productType = "com.apple.product-type.bundle.ui-testing";
		};
/* End PBXNativeTarget section */

/* Begin PBXProject section */
		0C8B817F280F71F400CD936A /* Project object */ = {
			isa = PBXProject;
			attributes = {
				BuildIndependentTargetsInParallel = 1;
				LastSwiftUpdateCheck = 1330;
				LastUpgradeCheck = 1330;
				TargetAttributes = {
					0C8B8186280F71F400CD936A = {
						CreatedOnToolsVersion = 13.3;
					};
					0C8B819C280F71F600CD936A = {
						CreatedOnToolsVersion = 13.3;
						TestTargetID = 0C8B8186280F71F400CD936A;
					};
					0C8B81A6280F71F600CD936A = {
						CreatedOnToolsVersion = 13.3;
						TestTargetID = 0C8B8186280F71F400CD936A;
					};
				};
			};
			buildConfigurationList = 0C8B8182280F71F400CD936A /* Build configuration list for PBXProject "MedTrac" */;
			compatibilityVersion = "Xcode 13.0";
			developmentRegion = en;
			hasScannedForEncodings = 0;
			knownRegions = (
				en,
				Base,
			);
			mainGroup = 0C8B817E280F71F400CD936A;
			productRefGroup = 0C8B8188280F71F400CD936A /* Products */;
			projectDirPath = "";
			projectRoot = "";
			targets = (
				0C8B8186280F71F400CD936A /* MedTrac */,
				0C8B819C280F71F600CD936A /* MedTracTests */,
				0C8B81A6280F71F600CD936A /* MedTracUITests */,
			);
		};
/* End PBXProject section */

/* Begin PBXResourcesBuildPhase section */
		0C8B8185280F71F400CD936A /* Resources */ = {
			isa = PBXResourcesBuildPhase;
			buildActionMask = 2147483647;
			files = (
				0CADE78E281B325D00C19823 /* MedicationCard.storyboard in Resources */,
				0C8B81BB280F720F00CD936A /* Login.storyboard in Resources */,
				0C8B8197280F71F600CD936A /* LaunchScreen.storyboard in Resources */,
				0C8B81BF280F728C00CD936A /* Reminder.storyboard in Resources */,
				A8B48248281755A5004A38CD /* Settings.storyboard in Resources */,
				0C8B8194280F71F600CD936A /* Assets.xcassets in Resources */,
				0C8B81BD280F723800CD936A /* Calendar.storyboard in Resources */,
				A8B4824628175577004A38CD /* Profile.storyboard in Resources */,
				0C8B8192280F71F400CD936A /* Main.storyboard in Resources */,
			);
			runOnlyForDeploymentPostprocessing = 0;
		};
		0C8B819B280F71F600CD936A /* Resources */ = {
			isa = PBXResourcesBuildPhase;
			buildActionMask = 2147483647;
			files = (
			);
			runOnlyForDeploymentPostprocessing = 0;
		};
		0C8B81A5280F71F600CD936A /* Resources */ = {
			isa = PBXResourcesBuildPhase;
			buildActionMask = 2147483647;
			files = (
			);
			runOnlyForDeploymentPostprocessing = 0;
		};
/* End PBXResourcesBuildPhase section */

/* Begin PBXSourcesBuildPhase section */
		0C8B8183280F71F400CD936A /* Sources */ = {
			isa = PBXSourcesBuildPhase;
			buildActionMask = 2147483647;
			files = (
				0C3F64A228176CDE003F7601 /* CalendarViewController.swift in Sources */,
				0CADE792281F69E400C19823 /* CardTableViewCell.swift in Sources */,
				0C3F64A028176CC7003F7601 /* LoginViewController.swift in Sources */,
				0C8B818F280F71F400CD936A /* ViewController.swift in Sources */,
				0C8B818B280F71F400CD936A /* AppDelegate.swift in Sources */,
				0C8B818D280F71F400CD936A /* SceneDelegate.swift in Sources */,
			);
			runOnlyForDeploymentPostprocessing = 0;
		};
		0C8B8199280F71F600CD936A /* Sources */ = {
			isa = PBXSourcesBuildPhase;
			buildActionMask = 2147483647;
			files = (
				0C8B81A2280F71F600CD936A /* MedTracTests.swift in Sources */,
			);
			runOnlyForDeploymentPostprocessing = 0;
		};
		0C8B81A3280F71F600CD936A /* Sources */ = {
			isa = PBXSourcesBuildPhase;
			buildActionMask = 2147483647;
			files = (
				0C8B81AC280F71F600CD936A /* MedTracUITests.swift in Sources */,
				0C8B81AE280F71F600CD936A /* MedTracUITestsLaunchTests.swift in Sources */,
			);
			runOnlyForDeploymentPostprocessing = 0;
		};
/* End PBXSourcesBuildPhase section */

/* Begin PBXTargetDependency section */
		0C8B819F280F71F600CD936A /* PBXTargetDependency */ = {
			isa = PBXTargetDependency;
			target = 0C8B8186280F71F400CD936A /* MedTrac */;
			targetProxy = 0C8B819E280F71F600CD936A /* PBXContainerItemProxy */;
		};
		0C8B81A9280F71F600CD936A /* PBXTargetDependency */ = {
			isa = PBXTargetDependency;
			target = 0C8B8186280F71F400CD936A /* MedTrac */;
			targetProxy = 0C8B81A8280F71F600CD936A /* PBXContainerItemProxy */;
		};
/* End PBXTargetDependency section */

/* Begin PBXVariantGroup section */
		0C8B8190280F71F400CD936A /* Main.storyboard */ = {
			isa = PBXVariantGroup;
			children = (
				0C8B8191280F71F400CD936A /* Base */,
			);
			name = Main.storyboard;
			sourceTree = "<group>";
		};
		0C8B8195280F71F600CD936A /* LaunchScreen.storyboard */ = {
			isa = PBXVariantGroup;
			children = (
				0C8B8196280F71F600CD936A /* Base */,
			);
			name = LaunchScreen.storyboard;
			sourceTree = "<group>";
		};
/* End PBXVariantGroup section */

/* Begin XCBuildConfiguration section */
		0C8B81AF280F71F600CD936A /* Debug */ = {
			isa = XCBuildConfiguration;
			buildSettings = {
				ALWAYS_SEARCH_USER_PATHS = NO;
				CLANG_ANALYZER_NONNULL = YES;
				CLANG_ANALYZER_NUMBER_OBJECT_CONVERSION = YES_AGGRESSIVE;
				CLANG_CXX_LANGUAGE_STANDARD = "gnu++17";
				CLANG_ENABLE_MODULES = YES;
				CLANG_ENABLE_OBJC_ARC = YES;
				CLANG_ENABLE_OBJC_WEAK = YES;
				CLANG_WARN_BLOCK_CAPTURE_AUTORELEASING = YES;
				CLANG_WARN_BOOL_CONVERSION = YES;
				CLANG_WARN_COMMA = YES;
				CLANG_WARN_CONSTANT_CONVERSION = YES;
				CLANG_WARN_DEPRECATED_OBJC_IMPLEMENTATIONS = YES;
				CLANG_WARN_DIRECT_OBJC_ISA_USAGE = YES_ERROR;
				CLANG_WARN_DOCUMENTATION_COMMENTS = YES;
				CLANG_WARN_EMPTY_BODY = YES;
				CLANG_WARN_ENUM_CONVERSION = YES;
				CLANG_WARN_INFINITE_RECURSION = YES;
				CLANG_WARN_INT_CONVERSION = YES;
				CLANG_WARN_NON_LITERAL_NULL_CONVERSION = YES;
				CLANG_WARN_OBJC_IMPLICIT_RETAIN_SELF = YES;
				CLANG_WARN_OBJC_LITERAL_CONVERSION = YES;
				CLANG_WARN_OBJC_ROOT_CLASS = YES_ERROR;
				CLANG_WARN_QUOTED_INCLUDE_IN_FRAMEWORK_HEADER = YES;
				CLANG_WARN_RANGE_LOOP_ANALYSIS = YES;
				CLANG_WARN_STRICT_PROTOTYPES = YES;
				CLANG_WARN_SUSPICIOUS_MOVE = YES;
				CLANG_WARN_UNGUARDED_AVAILABILITY = YES_AGGRESSIVE;
				CLANG_WARN_UNREACHABLE_CODE = YES;
				CLANG_WARN__DUPLICATE_METHOD_MATCH = YES;
				COPY_PHASE_STRIP = NO;
				DEBUG_INFORMATION_FORMAT = dwarf;
				ENABLE_STRICT_OBJC_MSGSEND = YES;
				ENABLE_TESTABILITY = YES;
				GCC_C_LANGUAGE_STANDARD = gnu11;
				GCC_DYNAMIC_NO_PIC = NO;
				GCC_NO_COMMON_BLOCKS = YES;
				GCC_OPTIMIZATION_LEVEL = 0;
				GCC_PREPROCESSOR_DEFINITIONS = (
					"DEBUG=1",
					"$(inherited)",
				);
				GCC_WARN_64_TO_32_BIT_CONVERSION = YES;
				GCC_WARN_ABOUT_RETURN_TYPE = YES_ERROR;
				GCC_WARN_UNDECLARED_SELECTOR = YES;
				GCC_WARN_UNINITIALIZED_AUTOS = YES_AGGRESSIVE;
				GCC_WARN_UNUSED_FUNCTION = YES;
				GCC_WARN_UNUSED_VARIABLE = YES;
				IPHONEOS_DEPLOYMENT_TARGET = 15.4;
				MTL_ENABLE_DEBUG_INFO = INCLUDE_SOURCE;
				MTL_FAST_MATH = YES;
				ONLY_ACTIVE_ARCH = YES;
				SDKROOT = iphoneos;
				SWIFT_ACTIVE_COMPILATION_CONDITIONS = DEBUG;
				SWIFT_OPTIMIZATION_LEVEL = "-Onone";
			};
			name = Debug;
		};
		0C8B81B0280F71F600CD936A /* Release */ = {
			isa = XCBuildConfiguration;
			buildSettings = {
				ALWAYS_SEARCH_USER_PATHS = NO;
				CLANG_ANALYZER_NONNULL = YES;
				CLANG_ANALYZER_NUMBER_OBJECT_CONVERSION = YES_AGGRESSIVE;
				CLANG_CXX_LANGUAGE_STANDARD = "gnu++17";
				CLANG_ENABLE_MODULES = YES;
				CLANG_ENABLE_OBJC_ARC = YES;
				CLANG_ENABLE_OBJC_WEAK = YES;
				CLANG_WARN_BLOCK_CAPTURE_AUTORELEASING = YES;
				CLANG_WARN_BOOL_CONVERSION = YES;
				CLANG_WARN_COMMA = YES;
				CLANG_WARN_CONSTANT_CONVERSION = YES;
				CLANG_WARN_DEPRECATED_OBJC_IMPLEMENTATIONS = YES;
				CLANG_WARN_DIRECT_OBJC_ISA_USAGE = YES_ERROR;
				CLANG_WARN_DOCUMENTATION_COMMENTS = YES;
				CLANG_WARN_EMPTY_BODY = YES;
				CLANG_WARN_ENUM_CONVERSION = YES;
				CLANG_WARN_INFINITE_RECURSION = YES;
				CLANG_WARN_INT_CONVERSION = YES;
				CLANG_WARN_NON_LITERAL_NULL_CONVERSION = YES;
				CLANG_WARN_OBJC_IMPLICIT_RETAIN_SELF = YES;
				CLANG_WARN_OBJC_LITERAL_CONVERSION = YES;
				CLANG_WARN_OBJC_ROOT_CLASS = YES_ERROR;
				CLANG_WARN_QUOTED_INCLUDE_IN_FRAMEWORK_HEADER = YES;
				CLANG_WARN_RANGE_LOOP_ANALYSIS = YES;
				CLANG_WARN_STRICT_PROTOTYPES = YES;
				CLANG_WARN_SUSPICIOUS_MOVE = YES;
				CLANG_WARN_UNGUARDED_AVAILABILITY = YES_AGGRESSIVE;
				CLANG_WARN_UNREACHABLE_CODE = YES;
				CLANG_WARN__DUPLICATE_METHOD_MATCH = YES;
				COPY_PHASE_STRIP = NO;
				DEBUG_INFORMATION_FORMAT = "dwarf-with-dsym";
				ENABLE_NS_ASSERTIONS = NO;
				ENABLE_STRICT_OBJC_MSGSEND = YES;
				GCC_C_LANGUAGE_STANDARD = gnu11;
				GCC_NO_COMMON_BLOCKS = YES;
				GCC_WARN_64_TO_32_BIT_CONVERSION = YES;
				GCC_WARN_ABOUT_RETURN_TYPE = YES_ERROR;
				GCC_WARN_UNDECLARED_SELECTOR = YES;
				GCC_WARN_UNINITIALIZED_AUTOS = YES_AGGRESSIVE;
				GCC_WARN_UNUSED_FUNCTION = YES;
				GCC_WARN_UNUSED_VARIABLE = YES;
				IPHONEOS_DEPLOYMENT_TARGET = 15.4;
				MTL_ENABLE_DEBUG_INFO = NO;
				MTL_FAST_MATH = YES;
				SDKROOT = iphoneos;
				SWIFT_COMPILATION_MODE = wholemodule;
				SWIFT_OPTIMIZATION_LEVEL = "-O";
				VALIDATE_PRODUCT = YES;
			};
			name = Release;
		};
		0C8B81B2280F71F600CD936A /* Debug */ = {
			isa = XCBuildConfiguration;
			buildSettings = {
				ASSETCATALOG_COMPILER_APPICON_NAME = AppIcon;
				ASSETCATALOG_COMPILER_GLOBAL_ACCENT_COLOR_NAME = AccentColor;
				CODE_SIGN_STYLE = Automatic;
				CURRENT_PROJECT_VERSION = 1;
				DEVELOPMENT_TEAM = YWKGBU4BBF;
				GENERATE_INFOPLIST_FILE = YES;
				INFOPLIST_FILE = MedTrac/Info.plist;
				INFOPLIST_KEY_UIApplicationSupportsIndirectInputEvents = YES;
				INFOPLIST_KEY_UILaunchStoryboardName = LaunchScreen;
				INFOPLIST_KEY_UIMainStoryboardFile = Main;
				INFOPLIST_KEY_UISupportedInterfaceOrientations_iPad = "UIInterfaceOrientationPortrait UIInterfaceOrientationPortraitUpsideDown UIInterfaceOrientationLandscapeLeft UIInterfaceOrientationLandscapeRight";
				INFOPLIST_KEY_UISupportedInterfaceOrientations_iPhone = "UIInterfaceOrientationPortrait UIInterfaceOrientationLandscapeLeft UIInterfaceOrientationLandscapeRight";
				LD_RUNPATH_SEARCH_PATHS = (
					"$(inherited)",
					"@executable_path/Frameworks",
				);
				MARKETING_VERSION = 1.0;
				PRODUCT_BUNDLE_IDENTIFIER = codePath.MedTrac;
				PRODUCT_NAME = "$(TARGET_NAME)";
				SWIFT_EMIT_LOC_STRINGS = YES;
				SWIFT_VERSION = 5.0;
				TARGETED_DEVICE_FAMILY = "1,2";
			};
			name = Debug;
		};
		0C8B81B3280F71F600CD936A /* Release */ = {
			isa = XCBuildConfiguration;
			buildSettings = {
				ASSETCATALOG_COMPILER_APPICON_NAME = AppIcon;
				ASSETCATALOG_COMPILER_GLOBAL_ACCENT_COLOR_NAME = AccentColor;
				CODE_SIGN_STYLE = Automatic;
				CURRENT_PROJECT_VERSION = 1;
				DEVELOPMENT_TEAM = YWKGBU4BBF;
				GENERATE_INFOPLIST_FILE = YES;
				INFOPLIST_FILE = MedTrac/Info.plist;
				INFOPLIST_KEY_UIApplicationSupportsIndirectInputEvents = YES;
				INFOPLIST_KEY_UILaunchStoryboardName = LaunchScreen;
				INFOPLIST_KEY_UIMainStoryboardFile = Main;
				INFOPLIST_KEY_UISupportedInterfaceOrientations_iPad = "UIInterfaceOrientationPortrait UIInterfaceOrientationPortraitUpsideDown UIInterfaceOrientationLandscapeLeft UIInterfaceOrientationLandscapeRight";
				INFOPLIST_KEY_UISupportedInterfaceOrientations_iPhone = "UIInterfaceOrientationPortrait UIInterfaceOrientationLandscapeLeft UIInterfaceOrientationLandscapeRight";
				LD_RUNPATH_SEARCH_PATHS = (
					"$(inherited)",
					"@executable_path/Frameworks",
				);
				MARKETING_VERSION = 1.0;
				PRODUCT_BUNDLE_IDENTIFIER = codePath.MedTrac;
				PRODUCT_NAME = "$(TARGET_NAME)";
				SWIFT_EMIT_LOC_STRINGS = YES;
				SWIFT_VERSION = 5.0;
				TARGETED_DEVICE_FAMILY = "1,2";
			};
			name = Release;
		};
		0C8B81B5280F71F600CD936A /* Debug */ = {
			isa = XCBuildConfiguration;
			buildSettings = {
				ALWAYS_EMBED_SWIFT_STANDARD_LIBRARIES = YES;
				BUNDLE_LOADER = "$(TEST_HOST)";
				CODE_SIGN_STYLE = Automatic;
				CURRENT_PROJECT_VERSION = 1;
				DEVELOPMENT_TEAM = YWKGBU4BBF;
				GENERATE_INFOPLIST_FILE = YES;
				IPHONEOS_DEPLOYMENT_TARGET = 15.4;
				MARKETING_VERSION = 1.0;
				PRODUCT_BUNDLE_IDENTIFIER = codePath.MedTracTests;
				PRODUCT_NAME = "$(TARGET_NAME)";
				SWIFT_EMIT_LOC_STRINGS = NO;
				SWIFT_VERSION = 5.0;
				TARGETED_DEVICE_FAMILY = "1,2";
				TEST_HOST = "$(BUILT_PRODUCTS_DIR)/MedTrac.app/MedTrac";
			};
			name = Debug;
		};
		0C8B81B6280F71F600CD936A /* Release */ = {
			isa = XCBuildConfiguration;
			buildSettings = {
				ALWAYS_EMBED_SWIFT_STANDARD_LIBRARIES = YES;
				BUNDLE_LOADER = "$(TEST_HOST)";
				CODE_SIGN_STYLE = Automatic;
				CURRENT_PROJECT_VERSION = 1;
				DEVELOPMENT_TEAM = YWKGBU4BBF;
				GENERATE_INFOPLIST_FILE = YES;
				IPHONEOS_DEPLOYMENT_TARGET = 15.4;
				MARKETING_VERSION = 1.0;
				PRODUCT_BUNDLE_IDENTIFIER = codePath.MedTracTests;
				PRODUCT_NAME = "$(TARGET_NAME)";
				SWIFT_EMIT_LOC_STRINGS = NO;
				SWIFT_VERSION = 5.0;
				TARGETED_DEVICE_FAMILY = "1,2";
				TEST_HOST = "$(BUILT_PRODUCTS_DIR)/MedTrac.app/MedTrac";
			};
			name = Release;
		};
		0C8B81B8280F71F600CD936A /* Debug */ = {
			isa = XCBuildConfiguration;
			buildSettings = {
				ALWAYS_EMBED_SWIFT_STANDARD_LIBRARIES = YES;
				CODE_SIGN_STYLE = Automatic;
				CURRENT_PROJECT_VERSION = 1;
				DEVELOPMENT_TEAM = YWKGBU4BBF;
				GENERATE_INFOPLIST_FILE = YES;
				MARKETING_VERSION = 1.0;
				PRODUCT_BUNDLE_IDENTIFIER = codePath.MedTracUITests;
				PRODUCT_NAME = "$(TARGET_NAME)";
				SWIFT_EMIT_LOC_STRINGS = NO;
				SWIFT_VERSION = 5.0;
				TARGETED_DEVICE_FAMILY = "1,2";
				TEST_TARGET_NAME = MedTrac;
			};
			name = Debug;
		};
		0C8B81B9280F71F600CD936A /* Release */ = {
			isa = XCBuildConfiguration;
			buildSettings = {
				ALWAYS_EMBED_SWIFT_STANDARD_LIBRARIES = YES;
				CODE_SIGN_STYLE = Automatic;
				CURRENT_PROJECT_VERSION = 1;
				DEVELOPMENT_TEAM = YWKGBU4BBF;
				GENERATE_INFOPLIST_FILE = YES;
				MARKETING_VERSION = 1.0;
				PRODUCT_BUNDLE_IDENTIFIER = codePath.MedTracUITests;
				PRODUCT_NAME = "$(TARGET_NAME)";
				SWIFT_EMIT_LOC_STRINGS = NO;
				SWIFT_VERSION = 5.0;
				TARGETED_DEVICE_FAMILY = "1,2";
				TEST_TARGET_NAME = MedTrac;
			};
			name = Release;
		};
/* End XCBuildConfiguration section */

/* Begin XCConfigurationList section */
		0C8B8182280F71F400CD936A /* Build configuration list for PBXProject "MedTrac" */ = {
			isa = XCConfigurationList;
			buildConfigurations = (
				0C8B81AF280F71F600CD936A /* Debug */,
				0C8B81B0280F71F600CD936A /* Release */,
			);
			defaultConfigurationIsVisible = 0;
			defaultConfigurationName = Release;
		};
		0C8B81B1280F71F600CD936A /* Build configuration list for PBXNativeTarget "MedTrac" */ = {
			isa = XCConfigurationList;
			buildConfigurations = (
				0C8B81B2280F71F600CD936A /* Debug */,
				0C8B81B3280F71F600CD936A /* Release */,
			);
			defaultConfigurationIsVisible = 0;
			defaultConfigurationName = Release;
		};
		0C8B81B4280F71F600CD936A /* Build configuration list for PBXNativeTarget "MedTracTests" */ = {
			isa = XCConfigurationList;
			buildConfigurations = (
				0C8B81B5280F71F600CD936A /* Debug */,
				0C8B81B6280F71F600CD936A /* Release */,
			);
			defaultConfigurationIsVisible = 0;
			defaultConfigurationName = Release;
		};
		0C8B81B7280F71F600CD936A /* Build configuration list for PBXNativeTarget "MedTracUITests" */ = {
			isa = XCConfigurationList;
			buildConfigurations = (
				0C8B81B8280F71F600CD936A /* Debug */,
				0C8B81B9280F71F600CD936A /* Release */,
			);
			defaultConfigurationIsVisible = 0;
			defaultConfigurationName = Release;
		};
/* End XCConfigurationList section */
	};
	rootObject = 0C8B817F280F71F400CD936A /* Project object */;
}
